
Microsoft Visual Studio Solution File, Format Version 12.00
# Visual Studio Version 16
VisualStudioVersion = 16.0.31410.357
MinimumVisualStudioVersion = 10.0.40219.1
Project("{FAE04EC0-301F-11D3-BF4B-00C04F79EFBC}") = "Student_Management_Project", "Student_Management_Project.csproj", "{4500EF86-25CD-4E40-9DF0-B8B381DB559E}"
EndProject
Project("{54435603-DBB4-11D2-8724-00A0C9A8B90C}") = "Student_Management_Setup", "..\Student_Management_Setup\Student_Management_Setup.vdproj", "{428A3B93-30BA-4AF4-9A75-3C88233A4340}"
EndProject
Global
	GlobalSection(SolutionConfigurationPlatforms) = preSolution
		Debug|Any CPU = Debug|Any CPU
		Release|Any CPU = Release|Any CPU
	EndGlobalSection
	GlobalSection(ProjectConfigurationPlatforms) = postSolution
		{4500EF86-25CD-4E40-9DF0-B8B381DB559E}.Debug|Any CPU.ActiveCfg = Debug|Any CPU
		{4500EF86-25CD-4E40-9DF0-B8B381DB559E}.Debug|Any CPU.Build.0 = Debug|Any CPU
		{4500EF86-25CD-4E40-9DF0-B8B381DB559E}.Release|Any CPU.ActiveCfg = Release|Any CPU
		{4500EF86-25CD-4E40-9DF0-B8B381DB559E}.Release|Any CPU.Build.0 = Release|Any CPU
		{428A3B93-30BA-4AF4-9A75-3C88233A4340}.Debug|Any CPU.ActiveCfg = Debug
		{428A3B93-30BA-4AF4-9A75-3C88233A4340}.Debug|Any CPU.Build.0 = Debug
		{428A3B93-30BA-4AF4-9A75-3C88233A4340}.Release|Any CPU.ActiveCfg = Release
		{428A3B93-30BA-4AF4-9A75-3C88233A4340}.Release|Any CPU.Build.0 = Release
	EndGlobalSection
	GlobalSection(SolutionProperties) = preSolution
		HideSolutionNode = FALSE
	EndGlobalSection
	GlobalSection(ExtensibilityGlobals) = postSolution
		SolutionGuid = {D7CF0A34-43FE-4A9C-9DC5-5D7E2981A024}
	EndGlobalSection
EndGlobal
